
Microsoft Visual Studio Solution File, Format Version 12.00
# Visual Studio Version 17
VisualStudioVersion = 17.0.31808.319
MinimumVisualStudioVersion = 10.0.40219.1
Project("{FAE04EC0-301F-11D3-BF4B-00C04F79EFBC}") = "Chinook.API", "Chinook.API\Chinook.API.csproj", "{97527ED1-C3F5-40C1-8F94-4C027FB10878}"
EndProject
Global
	GlobalSection(SolutionConfigurationPlatforms) = preSolution
		Debug|Any CPU = Debug|Any CPU
		Release|Any CPU = Release|Any CPU
	EndGlobalSection
	GlobalSection(ProjectConfigurationPlatforms) = postSolution
		{97527ED1-C3F5-40C1-8F94-4C027FB10878}.Debug|Any CPU.ActiveCfg = Debug|Any CPU
		{97527ED1-C3F5-40C1-8F94-4C027FB10878}.Debug|Any CPU.Build.0 = Debug|Any CPU
		{97527ED1-C3F5-40C1-8F94-4C027FB10878}.Release|Any CPU.ActiveCfg = Release|Any CPU
		{97527ED1-C3F5-40C1-8F94-4C027FB10878}.Release|Any CPU.Build.0 = Release|Any CPU
	EndGlobalSection
	GlobalSection(SolutionProperties) = preSolution
		HideSolutionNode = FALSE
	EndGlobalSection
	GlobalSection(ExtensibilityGlobals) = postSolution
		SolutionGuid = {5821B858-68D4-4AD4-A2C9-2B809D4B448C}
	EndGlobalSection
EndGlobal
